
Microsoft Visual Studio Solution File, Format Version 12.00
# Visual Studio 2013
VisualStudioVersion = 12.0.21005.1
MinimumVisualStudioVersion = 10.0.40219.1
Project("{FAE04EC0-301F-11D3-BF4B-00C04F79EFBC}") = "SimulatorService", "SimulatorService\SimulatorService.csproj", "{73C32E60-50F8-4110-80E4-62C74FB2EBEC}"
EndProject
Project("{FAE04EC0-301F-11D3-BF4B-00C04F79EFBC}") = "ServiceCommon", "ServiceCommon\ServiceCommon.csproj", "{1929B463-E65F-4272-93A4-46025407CE2A}"
EndProject
Project("{E24C65DC-7377-472B-9ABA-BC803B73C61A}") = "WebClient", "http://localhost:1888", "{3B93087F-3988-4921-BE1E-317E285E0E4C}"
	ProjectSection(WebsiteProperties) = preProject
		UseIISExpress = "true"
		TargetFrameworkMoniker = ".NETFramework,Version%3Dv4.5"
		Debug.AspNetCompiler.VirtualPath = "/localhost_1888"
		Debug.AspNetCompiler.PhysicalPath = "WebClient\"
		Debug.AspNetCompiler.TargetPath = "PrecompiledWeb\localhost_1888\"
		Debug.AspNetCompiler.Updateable = "true"
		Debug.AspNetCompiler.ForceOverwrite = "true"
		Debug.AspNetCompiler.FixedNames = "false"
		Debug.AspNetCompiler.Debug = "True"
		Release.AspNetCompiler.VirtualPath = "/localhost_1888"
		Release.AspNetCompiler.PhysicalPath = "WebClient\"
		Release.AspNetCompiler.TargetPath = "PrecompiledWeb\localhost_1888\"
		Release.AspNetCompiler.Updateable = "true"
		Release.AspNetCompiler.ForceOverwrite = "true"
		Release.AspNetCompiler.FixedNames = "false"
		Release.AspNetCompiler.Debug = "False"
		SlnRelativePath = "WebClient\"
		DefaultWebSiteLanguage = "Visual C#"
	EndProjectSection
EndProject
Project("{FAE04EC0-301F-11D3-BF4B-00C04F79EFBC}") = "SimulatorServiceTest", "SimulatorServiceTest\SimulatorServiceTest.csproj", "{633E8AB6-BEB2-4917-A137-C39436CB910C}"
EndProject
Global
	GlobalSection(SolutionConfigurationPlatforms) = preSolution
		Debug|Any CPU = Debug|Any CPU
		Release|Any CPU = Release|Any CPU
	EndGlobalSection
	GlobalSection(ProjectConfigurationPlatforms) = postSolution
		{73C32E60-50F8-4110-80E4-62C74FB2EBEC}.Debug|Any CPU.ActiveCfg = Debug|Any CPU
		{73C32E60-50F8-4110-80E4-62C74FB2EBEC}.Debug|Any CPU.Build.0 = Debug|Any CPU
		{73C32E60-50F8-4110-80E4-62C74FB2EBEC}.Release|Any CPU.ActiveCfg = Release|Any CPU
		{73C32E60-50F8-4110-80E4-62C74FB2EBEC}.Release|Any CPU.Build.0 = Release|Any CPU
		{1929B463-E65F-4272-93A4-46025407CE2A}.Debug|Any CPU.ActiveCfg = Debug|Any CPU
		{1929B463-E65F-4272-93A4-46025407CE2A}.Debug|Any CPU.Build.0 = Debug|Any CPU
		{1929B463-E65F-4272-93A4-46025407CE2A}.Release|Any CPU.ActiveCfg = Release|Any CPU
		{1929B463-E65F-4272-93A4-46025407CE2A}.Release|Any CPU.Build.0 = Release|Any CPU
		{3B93087F-3988-4921-BE1E-317E285E0E4C}.Debug|Any CPU.ActiveCfg = Debug|Any CPU
		{3B93087F-3988-4921-BE1E-317E285E0E4C}.Debug|Any CPU.Build.0 = Debug|Any CPU
		{3B93087F-3988-4921-BE1E-317E285E0E4C}.Release|Any CPU.ActiveCfg = Debug|Any CPU
		{3B93087F-3988-4921-BE1E-317E285E0E4C}.Release|Any CPU.Build.0 = Debug|Any CPU
		{633E8AB6-BEB2-4917-A137-C39436CB910C}.Debug|Any CPU.ActiveCfg = Debug|Any CPU
		{633E8AB6-BEB2-4917-A137-C39436CB910C}.Debug|Any CPU.Build.0 = Debug|Any CPU
		{633E8AB6-BEB2-4917-A137-C39436CB910C}.Release|Any CPU.ActiveCfg = Release|Any CPU
		{633E8AB6-BEB2-4917-A137-C39436CB910C}.Release|Any CPU.Build.0 = Release|Any CPU
	EndGlobalSection
	GlobalSection(SolutionProperties) = preSolution
		HideSolutionNode = FALSE
	EndGlobalSection
EndGlobal
